
Microsoft Visual Studio Solution File, Format Version 12.00
Project("{FAE04EC0-301F-11D3-BF4B-00C04F79EFBC}") = "PathFinder", "PathFinder\PathFinder.csproj", "{0BFA4A30-AD8B-406F-8744-3A1DB522546B}"
EndProject
Project("{FAE04EC0-301F-11D3-BF4B-00C04F79EFBC}") = "PathFinder.Tests", "PathFinder.Tests\PathFinder.Tests.csproj", "{10BDA7F3-B8F6-4974-8BA8-69BE516780DD}"
EndProject
Global
	GlobalSection(SolutionConfigurationPlatforms) = preSolution
		Debug|Any CPU = Debug|Any CPU
		Release|Any CPU = Release|Any CPU
	EndGlobalSection
	GlobalSection(ProjectConfigurationPlatforms) = postSolution
		{0BFA4A30-AD8B-406F-8744-3A1DB522546B}.Debug|Any CPU.ActiveCfg = Debug|Any CPU
		{0BFA4A30-AD8B-406F-8744-3A1DB522546B}.Debug|Any CPU.Build.0 = Debug|Any CPU
		{0BFA4A30-AD8B-406F-8744-3A1DB522546B}.Release|Any CPU.ActiveCfg = Release|Any CPU
		{0BFA4A30-AD8B-406F-8744-3A1DB522546B}.Release|Any CPU.Build.0 = Release|Any CPU
		{10BDA7F3-B8F6-4974-8BA8-69BE516780DD}.Debug|Any CPU.ActiveCfg = Debug|Any CPU
		{10BDA7F3-B8F6-4974-8BA8-69BE516780DD}.Debug|Any CPU.Build.0 = Debug|Any CPU
		{10BDA7F3-B8F6-4974-8BA8-69BE516780DD}.Release|Any CPU.ActiveCfg = Release|Any CPU
		{10BDA7F3-B8F6-4974-8BA8-69BE516780DD}.Release|Any CPU.Build.0 = Release|Any CPU
	EndGlobalSection
EndGlobal
